// !$*UTF8*$!
{
	archiveVersion = 1;
	classes = {
	};
	objectVersion = 56;
	objects = {

/* Begin PBXBuildFile section */
		EB5380762C890F2000717031 /* NewsAppTwoApp.swift in Sources */ = {isa = PBXBuildFile; fileRef = EB5380752C890F2000717031 /* NewsAppTwoApp.swift */; };
		EB53807A2C890F2300717031 /* Assets.xcassets in Resources */ = {isa = PBXBuildFile; fileRef = EB5380792C890F2300717031 /* Assets.xcassets */; };
		EB53807D2C890F2300717031 /* Preview Assets.xcassets in Resources */ = {isa = PBXBuildFile; fileRef = EB53807C2C890F2300717031 /* Preview Assets.xcassets */; };
		EB5380852C89176400717031 /* HomeView.swift in Sources */ = {isa = PBXBuildFile; fileRef = EB5380842C89176400717031 /* HomeView.swift */; };
		EB5380882C891B6D00717031 /* NewsResponse.swift in Sources */ = {isa = PBXBuildFile; fileRef = EB5380872C891B6D00717031 /* NewsResponse.swift */; };
		EB53808B2C891D2F00717031 /* NewsEndpoint.swift in Sources */ = {isa = PBXBuildFile; fileRef = EB53808A2C891D2F00717031 /* NewsEndpoint.swift */; };
		EB53808E2C8CAEFC00717031 /* APIError.swift in Sources */ = {isa = PBXBuildFile; fileRef = EB53808D2C8CAEFC00717031 /* APIError.swift */; };
		EB5380912C8CF68C00717031 /* NewsService.swift in Sources */ = {isa = PBXBuildFile; fileRef = EB5380902C8CF68C00717031 /* NewsService.swift */; };
		EB5380942C8DD3C900717031 /* ResultState.swift in Sources */ = {isa = PBXBuildFile; fileRef = EB5380932C8DD3C900717031 /* ResultState.swift */; };
		EBC6748D2C8DFE5200A7DFF8 /* NewsViewModel.swift in Sources */ = {isa = PBXBuildFile; fileRef = EBC6748C2C8DFE5200A7DFF8 /* NewsViewModel.swift */; };
		EBC674902C8E102800A7DFF8 /* URLImage in Frameworks */ = {isa = PBXBuildFile; productRef = EBC6748F2C8E102800A7DFF8 /* URLImage */; };
		EBC674922C8E104600A7DFF8 /* ArticleView.swift in Sources */ = {isa = PBXBuildFile; fileRef = EBC674912C8E104600A7DFF8 /* ArticleView.swift */; };
		EBC674942C949F9E00A7DFF8 /* ErrorView.swift in Sources */ = {isa = PBXBuildFile; fileRef = EBC674932C949F9E00A7DFF8 /* ErrorView.swift */; };
/* End PBXBuildFile section */

/* Begin PBXFileReference section */
		EB5380722C890F2000717031 /* NewsAppTwo.app */ = {isa = PBXFileReference; explicitFileType = wrapper.application; includeInIndex = 0; path = NewsAppTwo.app; sourceTree = BUILT_PRODUCTS_DIR; };
		EB5380752C890F2000717031 /* NewsAppTwoApp.swift */ = {isa = PBXFileReference; lastKnownFileType = sourcecode.swift; path = NewsAppTwoApp.swift; sourceTree = "<group>"; };
		EB5380792C890F2300717031 /* Assets.xcassets */ = {isa = PBXFileReference; lastKnownFileType = folder.assetcatalog; path = Assets.xcassets; sourceTree = "<group>"; };
		EB53807C2C890F2300717031 /* Preview Assets.xcassets */ = {isa = PBXFileReference; lastKnownFileType = folder.assetcatalog; path = "Preview Assets.xcassets"; sourceTree = "<group>"; };
		EB5380842C89176400717031 /* HomeView.swift */ = {isa = PBXFileReference; lastKnownFileType = sourcecode.swift; path = HomeView.swift; sourceTree = "<group>"; };
		EB5380872C891B6D00717031 /* NewsResponse.swift */ = {isa = PBXFileReference; lastKnownFileType = sourcecode.swift; path = NewsResponse.swift; sourceTree = "<group>"; };
		EB53808A2C891D2F00717031 /* NewsEndpoint.swift */ = {isa = PBXFileReference; lastKnownFileType = sourcecode.swift; path = NewsEndpoint.swift; sourceTree = "<group>"; };
		EB53808D2C8CAEFC00717031 /* APIError.swift */ = {isa = PBXFileReference; lastKnownFileType = sourcecode.swift; path = APIError.swift; sourceTree = "<group>"; };
		EB5380902C8CF68C00717031 /* NewsService.swift */ = {isa = PBXFileReference; lastKnownFileType = sourcecode.swift; path = NewsService.swift; sourceTree = "<group>"; };
		EB5380932C8DD3C900717031 /* ResultState.swift */ = {isa = PBXFileReference; lastKnownFileType = sourcecode.swift; path = ResultState.swift; sourceTree = "<group>"; };
		EBC6748C2C8DFE5200A7DFF8 /* NewsViewModel.swift */ = {isa = PBXFileReference; lastKnownFileType = sourcecode.swift; path = NewsViewModel.swift; sourceTree = "<group>"; };
		EBC674912C8E104600A7DFF8 /* ArticleView.swift */ = {isa = PBXFileReference; lastKnownFileType = sourcecode.swift; path = ArticleView.swift; sourceTree = "<group>"; };
		EBC674932C949F9E00A7DFF8 /* ErrorView.swift */ = {isa = PBXFileReference; lastKnownFileType = sourcecode.swift; path = ErrorView.swift; sourceTree = "<group>"; };
/* End PBXFileReference section */

/* Begin PBXFrameworksBuildPhase section */
		EB53806F2C890F2000717031 /* Frameworks */ = {
			isa = PBXFrameworksBuildPhase;
			buildActionMask = 2147483647;
			files = (
				EBC674902C8E102800A7DFF8 /* URLImage in Frameworks */,
			);
			runOnlyForDeploymentPostprocessing = 0;
		};
/* End PBXFrameworksBuildPhase section */

/* Begin PBXGroup section */
		EB5380692C890F2000717031 = {
			isa = PBXGroup;
			children = (
				EB5380742C890F2000717031 /* NewsAppTwo */,
				EB5380732C890F2000717031 /* Products */,
			);
			sourceTree = "<group>";
		};
		EB5380732C890F2000717031 /* Products */ = {
			isa = PBXGroup;
			children = (
				EB5380722C890F2000717031 /* NewsAppTwo.app */,
			);
			name = Products;
			sourceTree = "<group>";
		};
		EB5380742C890F2000717031 /* NewsAppTwo */ = {
			isa = PBXGroup;
			children = (
				EBC6748B2C8DFE3F00A7DFF8 /* ViewModel */,
				EB5380922C8DD3B700717031 /* States */,
				EB53808F2C8CF67600717031 /* Service */,
				EB53808C2C8CAEED00717031 /* Error */,
				EB5380892C891D1300717031 /* Endpoint */,
				EB5380862C891B3F00717031 /* Model */,
				EB5380832C89175100717031 /* Views */,
				EB5380752C890F2000717031 /* NewsAppTwoApp.swift */,
				EB5380792C890F2300717031 /* Assets.xcassets */,
				EB53807B2C890F2300717031 /* Preview Content */,
			);
			path = NewsAppTwo;
			sourceTree = "<group>";
		};
		EB53807B2C890F2300717031 /* Preview Content */ = {
			isa = PBXGroup;
			children = (
				EB53807C2C890F2300717031 /* Preview Assets.xcassets */,
			);
			path = "Preview Content";
			sourceTree = "<group>";
		};
		EB5380832C89175100717031 /* Views */ = {
			isa = PBXGroup;
			children = (
				EB5380842C89176400717031 /* HomeView.swift */,
				EBC674912C8E104600A7DFF8 /* ArticleView.swift */,
				EBC674932C949F9E00A7DFF8 /* ErrorView.swift */,
			);
			path = Views;
			sourceTree = "<group>";
		};
		EB5380862C891B3F00717031 /* Model */ = {
			isa = PBXGroup;
			children = (
				EB5380872C891B6D00717031 /* NewsResponse.swift */,
			);
			path = Model;
			sourceTree = "<group>";
		};
		EB5380892C891D1300717031 /* Endpoint */ = {
			isa = PBXGroup;
			children = (
				EB53808A2C891D2F00717031 /* NewsEndpoint.swift */,
			);
			path = Endpoint;
			sourceTree = "<group>";
		};
		EB53808C2C8CAEED00717031 /* Error */ = {
			isa = PBXGroup;
			children = (
				EB53808D2C8CAEFC00717031 /* APIError.swift */,
			);
			path = Error;
			sourceTree = "<group>";
		};
		EB53808F2C8CF67600717031 /* Service */ = {
			isa = PBXGroup;
			children = (
				EB5380902C8CF68C00717031 /* NewsService.swift */,
			);
			path = Service;
			sourceTree = "<group>";
		};
		EB5380922C8DD3B700717031 /* States */ = {
			isa = PBXGroup;
			children = (
				EB5380932C8DD3C900717031 /* ResultState.swift */,
			);
			path = States;
			sourceTree = "<group>";
		};
		EBC6748B2C8DFE3F00A7DFF8 /* ViewModel */ = {
			isa = PBXGroup;
			children = (
				EBC6748C2C8DFE5200A7DFF8 /* NewsViewModel.swift */,
			);
			path = ViewModel;
			sourceTree = "<group>";
		};
/* End PBXGroup section */

/* Begin PBXNativeTarget section */
		EB5380712C890F2000717031 /* NewsAppTwo */ = {
			isa = PBXNativeTarget;
			buildConfigurationList = EB5380802C890F2300717031 /* Build configuration list for PBXNativeTarget "NewsAppTwo" */;
			buildPhases = (
				EB53806E2C890F2000717031 /* Sources */,
				EB53806F2C890F2000717031 /* Frameworks */,
				EB5380702C890F2000717031 /* Resources */,
			);
			buildRules = (
			);
			dependencies = (
			);
			name = NewsAppTwo;
			packageProductDependencies = (
				EBC6748F2C8E102800A7DFF8 /* URLImage */,
			);
			productName = NewsAppTwo;
			productReference = EB5380722C890F2000717031 /* NewsAppTwo.app */;
			productType = "com.apple.product-type.application";
		};
/* End PBXNativeTarget section */

/* Begin PBXProject section */
		EB53806A2C890F2000717031 /* Project object */ = {
			isa = PBXProject;
			attributes = {
				BuildIndependentTargetsInParallel = 1;
				LastSwiftUpdateCheck = 1420;
				LastUpgradeCheck = 1420;
				TargetAttributes = {
					EB5380712C890F2000717031 = {
						CreatedOnToolsVersion = 14.2;
					};
				};
			};
			buildConfigurationList = EB53806D2C890F2000717031 /* Build configuration list for PBXProject "NewsAppTwo" */;
			compatibilityVersion = "Xcode 14.0";
			developmentRegion = en;
			hasScannedForEncodings = 0;
			knownRegions = (
				en,
				Base,
			);
			mainGroup = EB5380692C890F2000717031;
			packageReferences = (
				EBC6748E2C8E102800A7DFF8 /* XCRemoteSwiftPackageReference "url-image" */,
			);
			productRefGroup = EB5380732C890F2000717031 /* Products */;
			projectDirPath = "";
			projectRoot = "";
			targets = (
				EB5380712C890F2000717031 /* NewsAppTwo */,
			);
		};
/* End PBXProject section */

/* Begin PBXResourcesBuildPhase section */
		EB5380702C890F2000717031 /* Resources */ = {
			isa = PBXResourcesBuildPhase;
			buildActionMask = 2147483647;
			files = (
				EB53807D2C890F2300717031 /* Preview Assets.xcassets in Resources */,
				EB53807A2C890F2300717031 /* Assets.xcassets in Resources */,
			);
			runOnlyForDeploymentPostprocessing = 0;
		};
/* End PBXResourcesBuildPhase section */

/* Begin PBXSourcesBuildPhase section */
		EB53806E2C890F2000717031 /* Sources */ = {
			isa = PBXSourcesBuildPhase;
			buildActionMask = 2147483647;
			files = (
				EB5380942C8DD3C900717031 /* ResultState.swift in Sources */,
				EB5380912C8CF68C00717031 /* NewsService.swift in Sources */,
				EB5380852C89176400717031 /* HomeView.swift in Sources */,
				EB5380882C891B6D00717031 /* NewsResponse.swift in Sources */,
				EB5380762C890F2000717031 /* NewsAppTwoApp.swift in Sources */,
				EBC674942C949F9E00A7DFF8 /* ErrorView.swift in Sources */,
				EB53808E2C8CAEFC00717031 /* APIError.swift in Sources */,
				EB53808B2C891D2F00717031 /* NewsEndpoint.swift in Sources */,
				EBC674922C8E104600A7DFF8 /* ArticleView.swift in Sources */,
				EBC6748D2C8DFE5200A7DFF8 /* NewsViewModel.swift in Sources */,
			);
			runOnlyForDeploymentPostprocessing = 0;
		};
/* End PBXSourcesBuildPhase section */

/* Begin XCBuildConfiguration section */
		EB53807E2C890F2300717031 /* Debug */ = {
			isa = XCBuildConfiguration;
			buildSettings = {
				ALWAYS_SEARCH_USER_PATHS = NO;
				CLANG_ANALYZER_NONNULL = YES;
				CLANG_ANALYZER_NUMBER_OBJECT_CONVERSION = YES_AGGRESSIVE;
				CLANG_CXX_LANGUAGE_STANDARD = "gnu++20";
				CLANG_ENABLE_MODULES = YES;
				CLANG_ENABLE_OBJC_ARC = YES;
				CLANG_ENABLE_OBJC_WEAK = YES;
				CLANG_WARN_BLOCK_CAPTURE_AUTORELEASING = YES;
				CLANG_WARN_BOOL_CONVERSION = YES;
				CLANG_WARN_COMMA = YES;
				CLANG_WARN_CONSTANT_CONVERSION = YES;
				CLANG_WARN_DEPRECATED_OBJC_IMPLEMENTATIONS = YES;
				CLANG_WARN_DIRECT_OBJC_ISA_USAGE = YES_ERROR;
				CLANG_WARN_DOCUMENTATION_COMMENTS = YES;
				CLANG_WARN_EMPTY_BODY = YES;
				CLANG_WARN_ENUM_CONVERSION = YES;
				CLANG_WARN_INFINITE_RECURSION = YES;
				CLANG_WARN_INT_CONVERSION = YES;
				CLANG_WARN_NON_LITERAL_NULL_CONVERSION = YES;
				CLANG_WARN_OBJC_IMPLICIT_RETAIN_SELF = YES;
				CLANG_WARN_OBJC_LITERAL_CONVERSION = YES;
				CLANG_WARN_OBJC_ROOT_CLASS = YES_ERROR;
				CLANG_WARN_QUOTED_INCLUDE_IN_FRAMEWORK_HEADER = YES;
				CLANG_WARN_RANGE_LOOP_ANALYSIS = YES;
				CLANG_WARN_STRICT_PROTOTYPES = YES;
				CLANG_WARN_SUSPICIOUS_MOVE = YES;
				CLANG_WARN_UNGUARDED_AVAILABILITY = YES_AGGRESSIVE;
				CLANG_WARN_UNREACHABLE_CODE = YES;
				CLANG_WARN__DUPLICATE_METHOD_MATCH = YES;
				COPY_PHASE_STRIP = NO;
				DEBUG_INFORMATION_FORMAT = dwarf;
				ENABLE_STRICT_OBJC_MSGSEND = YES;
				ENABLE_TESTABILITY = YES;
				GCC_C_LANGUAGE_STANDARD = gnu11;
				GCC_DYNAMIC_NO_PIC = NO;
				GCC_NO_COMMON_BLOCKS = YES;
				GCC_OPTIMIZATION_LEVEL = 0;
				GCC_PREPROCESSOR_DEFINITIONS = (
					"DEBUG=1",
					"$(inherited)",
				);
				GCC_WARN_64_TO_32_BIT_CONVERSION = YES;
				GCC_WARN_ABOUT_RETURN_TYPE = YES_ERROR;
				GCC_WARN_UNDECLARED_SELECTOR = YES;
				GCC_WARN_UNINITIALIZED_AUTOS = YES_AGGRESSIVE;
				GCC_WARN_UNUSED_FUNCTION = YES;
				GCC_WARN_UNUSED_VARIABLE = YES;
				IPHONEOS_DEPLOYMENT_TARGET = 16.2;
				MTL_ENABLE_DEBUG_INFO = INCLUDE_SOURCE;
				MTL_FAST_MATH = YES;
				ONLY_ACTIVE_ARCH = YES;
				SDKROOT = iphoneos;
				SWIFT_ACTIVE_COMPILATION_CONDITIONS = DEBUG;
				SWIFT_OPTIMIZATION_LEVEL = "-Onone";
			};
			name = Debug;
		};
		EB53807F2C890F2300717031 /* Release */ = {
			isa = XCBuildConfiguration;
			buildSettings = {
				ALWAYS_SEARCH_USER_PATHS = NO;
				CLANG_ANALYZER_NONNULL = YES;
				CLANG_ANALYZER_NUMBER_OBJECT_CONVERSION = YES_AGGRESSIVE;
				CLANG_CXX_LANGUAGE_STANDARD = "gnu++20";
				CLANG_ENABLE_MODULES = YES;
				CLANG_ENABLE_OBJC_ARC = YES;
				CLANG_ENABLE_OBJC_WEAK = YES;
				CLANG_WARN_BLOCK_CAPTURE_AUTORELEASING = YES;
				CLANG_WARN_BOOL_CONVERSION = YES;
				CLANG_WARN_COMMA = YES;
				CLANG_WARN_CONSTANT_CONVERSION = YES;
				CLANG_WARN_DEPRECATED_OBJC_IMPLEMENTATIONS = YES;
				CLANG_WARN_DIRECT_OBJC_ISA_USAGE = YES_ERROR;
				CLANG_WARN_DOCUMENTATION_COMMENTS = YES;
				CLANG_WARN_EMPTY_BODY = YES;
				CLANG_WARN_ENUM_CONVERSION = YES;
				CLANG_WARN_INFINITE_RECURSION = YES;
				CLANG_WARN_INT_CONVERSION = YES;
				CLANG_WARN_NON_LITERAL_NULL_CONVERSION = YES;
				CLANG_WARN_OBJC_IMPLICIT_RETAIN_SELF = YES;
				CLANG_WARN_OBJC_LITERAL_CONVERSION = YES;
				CLANG_WARN_OBJC_ROOT_CLASS = YES_ERROR;
				CLANG_WARN_QUOTED_INCLUDE_IN_FRAMEWORK_HEADER = YES;
				CLANG_WARN_RANGE_LOOP_ANALYSIS = YES;
				CLANG_WARN_STRICT_PROTOTYPES = YES;
				CLANG_WARN_SUSPICIOUS_MOVE = YES;
				CLANG_WARN_UNGUARDED_AVAILABILITY = YES_AGGRESSIVE;
				CLANG_WARN_UNREACHABLE_CODE = YES;
				CLANG_WARN__DUPLICATE_METHOD_MATCH = YES;
				COPY_PHASE_STRIP = NO;
				DEBUG_INFORMATION_FORMAT = "dwarf-with-dsym";
				ENABLE_NS_ASSERTIONS = NO;
				ENABLE_STRICT_OBJC_MSGSEND = YES;
				GCC_C_LANGUAGE_STANDARD = gnu11;
				GCC_NO_COMMON_BLOCKS = YES;
				GCC_WARN_64_TO_32_BIT_CONVERSION = YES;
				GCC_WARN_ABOUT_RETURN_TYPE = YES_ERROR;
				GCC_WARN_UNDECLARED_SELECTOR = YES;
				GCC_WARN_UNINITIALIZED_AUTOS = YES_AGGRESSIVE;
				GCC_WARN_UNUSED_FUNCTION = YES;
				GCC_WARN_UNUSED_VARIABLE = YES;
				IPHONEOS_DEPLOYMENT_TARGET = 16.2;
				MTL_ENABLE_DEBUG_INFO = NO;
				MTL_FAST_MATH = YES;
				SDKROOT = iphoneos;
				SWIFT_COMPILATION_MODE = wholemodule;
				SWIFT_OPTIMIZATION_LEVEL = "-O";
				VALIDATE_PRODUCT = YES;
			};
			name = Release;
		};
		EB5380812C890F2300717031 /* Debug */ = {
			isa = XCBuildConfiguration;
			buildSettings = {
				ASSETCATALOG_COMPILER_APPICON_NAME = AppIcon;
				ASSETCATALOG_COMPILER_GLOBAL_ACCENT_COLOR_NAME = AccentColor;
				CODE_SIGN_STYLE = Automatic;
				CURRENT_PROJECT_VERSION = 1;
				DEVELOPMENT_ASSET_PATHS = "\"NewsAppTwo/Preview Content\"";
				DEVELOPMENT_TEAM = CXTXJQMUG9;
				ENABLE_PREVIEWS = YES;
				GENERATE_INFOPLIST_FILE = YES;
				INFOPLIST_KEY_UIApplicationSceneManifest_Generation = YES;
				INFOPLIST_KEY_UIApplicationSupportsIndirectInputEvents = YES;
				INFOPLIST_KEY_UILaunchScreen_Generation = YES;
				INFOPLIST_KEY_UISupportedInterfaceOrientations_iPad = "UIInterfaceOrientationPortrait UIInterfaceOrientationPortraitUpsideDown UIInterfaceOrientationLandscapeLeft UIInterfaceOrientationLandscapeRight";
				INFOPLIST_KEY_UISupportedInterfaceOrientations_iPhone = "UIInterfaceOrientationPortrait UIInterfaceOrientationLandscapeLeft UIInterfaceOrientationLandscapeRight";
				LD_RUNPATH_SEARCH_PATHS = (
					"$(inherited)",
					"@executable_path/Frameworks",
				);
				MARKETING_VERSION = 1.0;
				PRODUCT_BUNDLE_IDENTIFIER = com.ahmeddh.NewsAppTwo;
				PRODUCT_NAME = "$(TARGET_NAME)";
				SWIFT_EMIT_LOC_STRINGS = YES;
				SWIFT_VERSION = 5.0;
				TARGETED_DEVICE_FAMILY = "1,2";
			};
			name = Debug;
		};
		EB5380822C890F2300717031 /* Release */ = {
			isa = XCBuildConfiguration;
			buildSettings = {
				ASSETCATALOG_COMPILER_APPICON_NAME = AppIcon;
				ASSETCATALOG_COMPILER_GLOBAL_ACCENT_COLOR_NAME = AccentColor;
				CODE_SIGN_STYLE = Automatic;
				CURRENT_PROJECT_VERSION = 1;
				DEVELOPMENT_ASSET_PATHS = "\"NewsAppTwo/Preview Content\"";
				DEVELOPMENT_TEAM = CXTXJQMUG9;
				ENABLE_PREVIEWS = YES;
				GENERATE_INFOPLIST_FILE = YES;
				INFOPLIST_KEY_UIApplicationSceneManifest_Generation = YES;
				INFOPLIST_KEY_UIApplicationSupportsIndirectInputEvents = YES;
				INFOPLIST_KEY_UILaunchScreen_Generation = YES;
				INFOPLIST_KEY_UISupportedInterfaceOrientations_iPad = "UIInterfaceOrientationPortrait UIInterfaceOrientationPortraitUpsideDown UIInterfaceOrientationLandscapeLeft UIInterfaceOrientationLandscapeRight";
				INFOPLIST_KEY_UISupportedInterfaceOrientations_iPhone = "UIInterfaceOrientationPortrait UIInterfaceOrientationLandscapeLeft UIInterfaceOrientationLandscapeRight";
				LD_RUNPATH_SEARCH_PATHS = (
					"$(inherited)",
					"@executable_path/Frameworks",
				);
				MARKETING_VERSION = 1.0;
				PRODUCT_BUNDLE_IDENTIFIER = com.ahmeddh.NewsAppTwo;
				PRODUCT_NAME = "$(TARGET_NAME)";
				SWIFT_EMIT_LOC_STRINGS = YES;
				SWIFT_VERSION = 5.0;
				TARGETED_DEVICE_FAMILY = "1,2";
			};
			name = Release;
		};
/* End XCBuildConfiguration section */

/* Begin XCConfigurationList section */
		EB53806D2C890F2000717031 /* Build configuration list for PBXProject "NewsAppTwo" */ = {
			isa = XCConfigurationList;
			buildConfigurations = (
				EB53807E2C890F2300717031 /* Debug */,
				EB53807F2C890F2300717031 /* Release */,
			);
			defaultConfigurationIsVisible = 0;
			defaultConfigurationName = Release;
		};
		EB5380802C890F2300717031 /* Build configuration list for PBXNativeTarget "NewsAppTwo" */ = {
			isa = XCConfigurationList;
			buildConfigurations = (
				EB5380812C890F2300717031 /* Debug */,
				EB5380822C890F2300717031 /* Release */,
			);
			defaultConfigurationIsVisible = 0;
			defaultConfigurationName = Release;
		};
/* End XCConfigurationList section */

/* Begin XCRemoteSwiftPackageReference section */
		EBC6748E2C8E102800A7DFF8 /* XCRemoteSwiftPackageReference "url-image" */ = {
			isa = XCRemoteSwiftPackageReference;
			repositoryURL = "https://github.com/dmytro-anokhin/url-image";
			requirement = {
				kind = upToNextMajorVersion;
				minimumVersion = 3.0.0;
			};
		};
/* End XCRemoteSwiftPackageReference section */

/* Begin XCSwiftPackageProductDependency section */
		EBC6748F2C8E102800A7DFF8 /* URLImage */ = {
			isa = XCSwiftPackageProductDependency;
			package = EBC6748E2C8E102800A7DFF8 /* XCRemoteSwiftPackageReference "url-image" */;
			productName = URLImage;
		};
/* End XCSwiftPackageProductDependency section */
	};
	rootObject = EB53806A2C890F2000717031 /* Project object */;
}
